
Microsoft Visual Studio Solution File, Format Version 12.00
# Visual Studio Version 17
VisualStudioVersion = 17.8.34601.278
MinimumVisualStudioVersion = 10.0.40219.1
Project("{FAE04EC0-301F-11D3-BF4B-00C04F79EFBC}") = "TUDOIGUAL.Client", "TUDOIGUAL.Client\TUDOIGUAL.Client.csproj", "{7301202A-FC76-4B2F-A5B1-F1D2FD971FD2}"
EndProject
Project("{FAE04EC0-301F-11D3-BF4B-00C04F79EFBC}") = "TUDOIGUAL.Server", "TUDOIGUAL.Server\TUDOIGUAL.Server.csproj", "{74D625FC-3D40-4B35-930F-38AEA4674535}"
EndProject
Project("{FAE04EC0-301F-11D3-BF4B-00C04F79EFBC}") = "TUDOIGUAL.Lib", "TUDOIGUAL.Lib\TUDOIGUAL.Lib.csproj", "{9E0F048C-20FA-4822-94BE-6DC14491B65C}"
EndProject
Global
	GlobalSection(SolutionConfigurationPlatforms) = preSolution
		Debug|Any CPU = Debug|Any CPU
		Release|Any CPU = Release|Any CPU
	EndGlobalSection
	GlobalSection(ProjectConfigurationPlatforms) = postSolution
		{7301202A-FC76-4B2F-A5B1-F1D2FD971FD2}.Debug|Any CPU.ActiveCfg = Debug|Any CPU
		{7301202A-FC76-4B2F-A5B1-F1D2FD971FD2}.Debug|Any CPU.Build.0 = Debug|Any CPU
		{7301202A-FC76-4B2F-A5B1-F1D2FD971FD2}.Release|Any CPU.ActiveCfg = Release|Any CPU
		{7301202A-FC76-4B2F-A5B1-F1D2FD971FD2}.Release|Any CPU.Build.0 = Release|Any CPU
		{74D625FC-3D40-4B35-930F-38AEA4674535}.Debug|Any CPU.ActiveCfg = Debug|Any CPU
		{74D625FC-3D40-4B35-930F-38AEA4674535}.Debug|Any CPU.Build.0 = Debug|Any CPU
		{74D625FC-3D40-4B35-930F-38AEA4674535}.Release|Any CPU.ActiveCfg = Release|Any CPU
		{74D625FC-3D40-4B35-930F-38AEA4674535}.Release|Any CPU.Build.0 = Release|Any CPU
		{9E0F048C-20FA-4822-94BE-6DC14491B65C}.Debug|Any CPU.ActiveCfg = Debug|Any CPU
		{9E0F048C-20FA-4822-94BE-6DC14491B65C}.Debug|Any CPU.Build.0 = Debug|Any CPU
		{9E0F048C-20FA-4822-94BE-6DC14491B65C}.Release|Any CPU.ActiveCfg = Release|Any CPU
		{9E0F048C-20FA-4822-94BE-6DC14491B65C}.Release|Any CPU.Build.0 = Release|Any CPU
	EndGlobalSection
	GlobalSection(SolutionProperties) = preSolution
		HideSolutionNode = FALSE
	EndGlobalSection
	GlobalSection(ExtensibilityGlobals) = postSolution
		SolutionGuid = {B4F8AFA5-ECDD-4BB7-B3FF-45373D76C44F}
	EndGlobalSection
EndGlobal
